# This file is automatically @generated by Cargo.
# It is not intended for manual editing.
version = 4

[[package]]
name = "panes-app"
version = "0.1.0"
dependencies = [
 "panes-core",
 "panes-macos",
 "panes-platform",
 "panes-windows",
]

[[package]]
name = "panes-core"
version = "0.1.0"

[[package]]
name = "panes-macos"
version = "0.1.0"
dependencies = [
 "panes-core",
 "panes-platform",
]

[[package]]
name = "panes-platform"
version = "0.1.0"
dependencies = [
 "panes-core",
]

[[package]]
name = "panes-windows"
version = "0.1.0"
dependencies = [
 "panes-core",
 "panes-platform",
]
